// !$*UTF8*$!
{
	archiveVersion = 1;
	classes = {
	};
	objectVersion = 56;
	objects = {

/* Begin PBXBuildFile section */
		040CBB6028E60051003E4458 /* ModuleBuilder.swift in Sources */ = {isa = PBXBuildFile; fileRef = 040CBB5F28E60050003E4458 /* ModuleBuilder.swift */; };
		040CBB6228E600BF003E4458 /* CameraPresenter.swift in Sources */ = {isa = PBXBuildFile; fileRef = 040CBB6128E600BF003E4458 /* CameraPresenter.swift */; };
		040CBB6428E6011A003E4458 /* CameraPresenterDelegate.swift in Sources */ = {isa = PBXBuildFile; fileRef = 040CBB6328E6011A003E4458 /* CameraPresenterDelegate.swift */; };
		040CBB6728E6236F003E4458 /* CameraManager.swift in Sources */ = {isa = PBXBuildFile; fileRef = 040CBB6628E6236F003E4458 /* CameraManager.swift */; };
		040CBB6928E62CCB003E4458 /* CameraManagerProtocol.swift in Sources */ = {isa = PBXBuildFile; fileRef = 040CBB6828E62CCB003E4458 /* CameraManagerProtocol.swift */; };
		040CBB6E28E65BCC003E4458 /* WebController.swift in Sources */ = {isa = PBXBuildFile; fileRef = 040CBB6D28E65BCC003E4458 /* WebController.swift */; };
		040CBB7028E65BD6003E4458 /* WebPresenter.swift in Sources */ = {isa = PBXBuildFile; fileRef = 040CBB6F28E65BD6003E4458 /* WebPresenter.swift */; };
		040CBB7228E65BE4003E4458 /* WebPresenterDelegate.swift in Sources */ = {isa = PBXBuildFile; fileRef = 040CBB7128E65BE4003E4458 /* WebPresenterDelegate.swift */; };
		0456471228E5E9D1002459A5 /* AppDelegate.swift in Sources */ = {isa = PBXBuildFile; fileRef = 0456471128E5E9D1002459A5 /* AppDelegate.swift */; };
		0456471628E5E9D1002459A5 /* CameraController.swift in Sources */ = {isa = PBXBuildFile; fileRef = 0456471528E5E9D1002459A5 /* CameraController.swift */; };
		0456471B28E5E9D4002459A5 /* Assets.xcassets in Resources */ = {isa = PBXBuildFile; fileRef = 0456471A28E5E9D4002459A5 /* Assets.xcassets */; };
		0456471E28E5E9D4002459A5 /* LaunchScreen.storyboard in Resources */ = {isa = PBXBuildFile; fileRef = 0456471C28E5E9D4002459A5 /* LaunchScreen.storyboard */; };
		0495D22628E9C92A0057D924 /* Constants.swift in Sources */ = {isa = PBXBuildFile; fileRef = 0495D22528E9C9290057D924 /* Constants.swift */; };
/* End PBXBuildFile section */

/* Begin PBXFileReference section */
		040CBB5F28E60050003E4458 /* ModuleBuilder.swift */ = {isa = PBXFileReference; lastKnownFileType = sourcecode.swift; path = ModuleBuilder.swift; sourceTree = "<group>"; };
		040CBB6128E600BF003E4458 /* CameraPresenter.swift */ = {isa = PBXFileReference; lastKnownFileType = sourcecode.swift; path = CameraPresenter.swift; sourceTree = "<group>"; };
		040CBB6328E6011A003E4458 /* CameraPresenterDelegate.swift */ = {isa = PBXFileReference; lastKnownFileType = sourcecode.swift; path = CameraPresenterDelegate.swift; sourceTree = "<group>"; };
		040CBB6628E6236F003E4458 /* CameraManager.swift */ = {isa = PBXFileReference; lastKnownFileType = sourcecode.swift; path = CameraManager.swift; sourceTree = "<group>"; };
		040CBB6828E62CCB003E4458 /* CameraManagerProtocol.swift */ = {isa = PBXFileReference; lastKnownFileType = sourcecode.swift; path = CameraManagerProtocol.swift; sourceTree = "<group>"; };
		040CBB6D28E65BCC003E4458 /* WebController.swift */ = {isa = PBXFileReference; lastKnownFileType = sourcecode.swift; path = WebController.swift; sourceTree = "<group>"; };
		040CBB6F28E65BD6003E4458 /* WebPresenter.swift */ = {isa = PBXFileReference; lastKnownFileType = sourcecode.swift; path = WebPresenter.swift; sourceTree = "<group>"; };
		040CBB7128E65BE4003E4458 /* WebPresenterDelegate.swift */ = {isa = PBXFileReference; lastKnownFileType = sourcecode.swift; path = WebPresenterDelegate.swift; sourceTree = "<group>"; };
		0456470E28E5E9D1002459A5 /* QRScanner.app */ = {isa = PBXFileReference; explicitFileType = wrapper.application; includeInIndex = 0; path = QRScanner.app; sourceTree = BUILT_PRODUCTS_DIR; };
		0456471128E5E9D1002459A5 /* AppDelegate.swift */ = {isa = PBXFileReference; lastKnownFileType = sourcecode.swift; path = AppDelegate.swift; sourceTree = "<group>"; };
		0456471528E5E9D1002459A5 /* CameraController.swift */ = {isa = PBXFileReference; lastKnownFileType = sourcecode.swift; path = CameraController.swift; sourceTree = "<group>"; };
		0456471A28E5E9D4002459A5 /* Assets.xcassets */ = {isa = PBXFileReference; lastKnownFileType = folder.assetcatalog; path = Assets.xcassets; sourceTree = "<group>"; };
		0456471D28E5E9D4002459A5 /* Base */ = {isa = PBXFileReference; lastKnownFileType = file.storyboard; name = Base; path = Base.lproj/LaunchScreen.storyboard; sourceTree = "<group>"; };
		0456471F28E5E9D4002459A5 /* Info.plist */ = {isa = PBXFileReference; lastKnownFileType = text.plist.xml; path = Info.plist; sourceTree = "<group>"; };
		0495D22528E9C9290057D924 /* Constants.swift */ = {isa = PBXFileReference; lastKnownFileType = sourcecode.swift; path = Constants.swift; sourceTree = "<group>"; };
/* End PBXFileReference section */

/* Begin PBXFrameworksBuildPhase section */
		0456470B28E5E9D1002459A5 /* Frameworks */ = {
			isa = PBXFrameworksBuildPhase;
			buildActionMask = 2147483647;
			files = (
			);
			runOnlyForDeploymentPostprocessing = 0;
		};
/* End PBXFrameworksBuildPhase section */

/* Begin PBXGroup section */
		040CBB5828E5FA4D003E4458 /* Sources */ = {
			isa = PBXGroup;
			children = (
				040CBB5928E5FA53003E4458 /* App */,
				040CBB5E28E6003E003E4458 /* ModuleBuilder */,
				040CBB6528E62363003E4458 /* Managers */,
				040CBB6A28E65BA4003E4458 /* WebModule */,
				040CBB5A28E5FA9B003E4458 /* CameraModule */,
				0495D22428E9C9070057D924 /* Constants */,
			);
			path = Sources;
			sourceTree = "<group>";
		};
		040CBB5928E5FA53003E4458 /* App */ = {
			isa = PBXGroup;
			children = (
				0456471128E5E9D1002459A5 /* AppDelegate.swift */,
			);
			path = App;
			sourceTree = "<group>";
		};
		040CBB5A28E5FA9B003E4458 /* CameraModule */ = {
			isa = PBXGroup;
			children = (
				040CBB5D28E5FFE6003E4458 /* Presenter */,
				040CBB5C28E5FFDE003E4458 /* View */,
			);
			path = CameraModule;
			sourceTree = "<group>";
		};
		040CBB5B28E5FAA7003E4458 /* Resources */ = {
			isa = PBXGroup;
			children = (
				0456471A28E5E9D4002459A5 /* Assets.xcassets */,
				0456471C28E5E9D4002459A5 /* LaunchScreen.storyboard */,
				0456471F28E5E9D4002459A5 /* Info.plist */,
			);
			path = Resources;
			sourceTree = "<group>";
		};
		040CBB5C28E5FFDE003E4458 /* View */ = {
			isa = PBXGroup;
			children = (
				0456471528E5E9D1002459A5 /* CameraController.swift */,
			);
			path = View;
			sourceTree = "<group>";
		};
		040CBB5D28E5FFE6003E4458 /* Presenter */ = {
			isa = PBXGroup;
			children = (
				040CBB6328E6011A003E4458 /* CameraPresenterDelegate.swift */,
				040CBB6128E600BF003E4458 /* CameraPresenter.swift */,
			);
			path = Presenter;
			sourceTree = "<group>";
		};
		040CBB5E28E6003E003E4458 /* ModuleBuilder */ = {
			isa = PBXGroup;
			children = (
				040CBB5F28E60050003E4458 /* ModuleBuilder.swift */,
			);
			path = ModuleBuilder;
			sourceTree = "<group>";
		};
		040CBB6528E62363003E4458 /* Managers */ = {
			isa = PBXGroup;
			children = (
				040CBB6828E62CCB003E4458 /* CameraManagerProtocol.swift */,
				040CBB6628E6236F003E4458 /* CameraManager.swift */,
			);
			path = Managers;
			sourceTree = "<group>";
		};
		040CBB6A28E65BA4003E4458 /* WebModule */ = {
			isa = PBXGroup;
			children = (
				040CBB6C28E65BB8003E4458 /* Presenter */,
				040CBB6B28E65BB4003E4458 /* View */,
			);
			path = WebModule;
			sourceTree = "<group>";
		};
		040CBB6B28E65BB4003E4458 /* View */ = {
			isa = PBXGroup;
			children = (
				040CBB6D28E65BCC003E4458 /* WebController.swift */,
			);
			path = View;
			sourceTree = "<group>";
		};
		040CBB6C28E65BB8003E4458 /* Presenter */ = {
			isa = PBXGroup;
			children = (
				040CBB7128E65BE4003E4458 /* WebPresenterDelegate.swift */,
				040CBB6F28E65BD6003E4458 /* WebPresenter.swift */,
			);
			path = Presenter;
			sourceTree = "<group>";
		};
		0456470528E5E9D1002459A5 = {
			isa = PBXGroup;
			children = (
				0456471028E5E9D1002459A5 /* QRScanner */,
				0456470F28E5E9D1002459A5 /* Products */,
			);
			sourceTree = "<group>";
		};
		0456470F28E5E9D1002459A5 /* Products */ = {
			isa = PBXGroup;
			children = (
				0456470E28E5E9D1002459A5 /* QRScanner.app */,
			);
			name = Products;
			sourceTree = "<group>";
		};
		0456471028E5E9D1002459A5 /* QRScanner */ = {
			isa = PBXGroup;
			children = (
				040CBB5828E5FA4D003E4458 /* Sources */,
				040CBB5B28E5FAA7003E4458 /* Resources */,
			);
			path = QRScanner;
			sourceTree = "<group>";
		};
		0495D22428E9C9070057D924 /* Constants */ = {
			isa = PBXGroup;
			children = (
				0495D22528E9C9290057D924 /* Constants.swift */,
			);
			path = Constants;
			sourceTree = "<group>";
		};
/* End PBXGroup section */

/* Begin PBXNativeTarget section */
		0456470D28E5E9D1002459A5 /* QRScanner */ = {
			isa = PBXNativeTarget;
			buildConfigurationList = 0456472228E5E9D4002459A5 /* Build configuration list for PBXNativeTarget "QRScanner" */;
			buildPhases = (
				0456470A28E5E9D1002459A5 /* Sources */,
				0456470B28E5E9D1002459A5 /* Frameworks */,
				0456470C28E5E9D1002459A5 /* Resources */,
			);
			buildRules = (
			);
			dependencies = (
			);
			name = QRScanner;
			productName = QRScanner;
			productReference = 0456470E28E5E9D1002459A5 /* QRScanner.app */;
			productType = "com.apple.product-type.application";
		};
/* End PBXNativeTarget section */

/* Begin PBXProject section */
		0456470628E5E9D1002459A5 /* Project object */ = {
			isa = PBXProject;
			attributes = {
				BuildIndependentTargetsInParallel = 1;
				LastSwiftUpdateCheck = 1400;
				LastUpgradeCheck = 1400;
				TargetAttributes = {
					0456470D28E5E9D1002459A5 = {
						CreatedOnToolsVersion = 14.0.1;
					};
				};
			};
			buildConfigurationList = 0456470928E5E9D1002459A5 /* Build configuration list for PBXProject "QRScanner" */;
			compatibilityVersion = "Xcode 14.0";
			developmentRegion = en;
			hasScannedForEncodings = 0;
			knownRegions = (
				en,
				Base,
			);
			mainGroup = 0456470528E5E9D1002459A5;
			productRefGroup = 0456470F28E5E9D1002459A5 /* Products */;
			projectDirPath = "";
			projectRoot = "";
			targets = (
				0456470D28E5E9D1002459A5 /* QRScanner */,
			);
		};
/* End PBXProject section */

/* Begin PBXResourcesBuildPhase section */
		0456470C28E5E9D1002459A5 /* Resources */ = {
			isa = PBXResourcesBuildPhase;
			buildActionMask = 2147483647;
			files = (
				0456471E28E5E9D4002459A5 /* LaunchScreen.storyboard in Resources */,
				0456471B28E5E9D4002459A5 /* Assets.xcassets in Resources */,
			);
			runOnlyForDeploymentPostprocessing = 0;
		};
/* End PBXResourcesBuildPhase section */

/* Begin PBXSourcesBuildPhase section */
		0456470A28E5E9D1002459A5 /* Sources */ = {
			isa = PBXSourcesBuildPhase;
			buildActionMask = 2147483647;
			files = (
				040CBB6E28E65BCC003E4458 /* WebController.swift in Sources */,
				0495D22628E9C92A0057D924 /* Constants.swift in Sources */,
				0456471628E5E9D1002459A5 /* CameraController.swift in Sources */,
				040CBB7228E65BE4003E4458 /* WebPresenterDelegate.swift in Sources */,
				040CBB6228E600BF003E4458 /* CameraPresenter.swift in Sources */,
				0456471228E5E9D1002459A5 /* AppDelegate.swift in Sources */,
				040CBB6428E6011A003E4458 /* CameraPresenterDelegate.swift in Sources */,
				040CBB6728E6236F003E4458 /* CameraManager.swift in Sources */,
				040CBB7028E65BD6003E4458 /* WebPresenter.swift in Sources */,
				040CBB6028E60051003E4458 /* ModuleBuilder.swift in Sources */,
				040CBB6928E62CCB003E4458 /* CameraManagerProtocol.swift in Sources */,
			);
			runOnlyForDeploymentPostprocessing = 0;
		};
/* End PBXSourcesBuildPhase section */

/* Begin PBXVariantGroup section */
		0456471C28E5E9D4002459A5 /* LaunchScreen.storyboard */ = {
			isa = PBXVariantGroup;
			children = (
				0456471D28E5E9D4002459A5 /* Base */,
			);
			name = LaunchScreen.storyboard;
			sourceTree = "<group>";
		};
/* End PBXVariantGroup section */

/* Begin XCBuildConfiguration section */
		0456472028E5E9D4002459A5 /* Debug */ = {
			isa = XCBuildConfiguration;
			buildSettings = {
				ALWAYS_SEARCH_USER_PATHS = NO;
				CLANG_ANALYZER_NONNULL = YES;
				CLANG_ANALYZER_NUMBER_OBJECT_CONVERSION = YES_AGGRESSIVE;
				CLANG_CXX_LANGUAGE_STANDARD = "gnu++20";
				CLANG_ENABLE_MODULES = YES;
				CLANG_ENABLE_OBJC_ARC = YES;
				CLANG_ENABLE_OBJC_WEAK = YES;
				CLANG_WARN_BLOCK_CAPTURE_AUTORELEASING = YES;
				CLANG_WARN_BOOL_CONVERSION = YES;
				CLANG_WARN_COMMA = YES;
				CLANG_WARN_CONSTANT_CONVERSION = YES;
				CLANG_WARN_DEPRECATED_OBJC_IMPLEMENTATIONS = YES;
				CLANG_WARN_DIRECT_OBJC_ISA_USAGE = YES_ERROR;
				CLANG_WARN_DOCUMENTATION_COMMENTS = YES;
				CLANG_WARN_EMPTY_BODY = YES;
				CLANG_WARN_ENUM_CONVERSION = YES;
				CLANG_WARN_INFINITE_RECURSION = YES;
				CLANG_WARN_INT_CONVERSION = YES;
				CLANG_WARN_NON_LITERAL_NULL_CONVERSION = YES;
				CLANG_WARN_OBJC_IMPLICIT_RETAIN_SELF = YES;
				CLANG_WARN_OBJC_LITERAL_CONVERSION = YES;
				CLANG_WARN_OBJC_ROOT_CLASS = YES_ERROR;
				CLANG_WARN_QUOTED_INCLUDE_IN_FRAMEWORK_HEADER = YES;
				CLANG_WARN_RANGE_LOOP_ANALYSIS = YES;
				CLANG_WARN_STRICT_PROTOTYPES = YES;
				CLANG_WARN_SUSPICIOUS_MOVE = YES;
				CLANG_WARN_UNGUARDED_AVAILABILITY = YES_AGGRESSIVE;
				CLANG_WARN_UNREACHABLE_CODE = YES;
				CLANG_WARN__DUPLICATE_METHOD_MATCH = YES;
				COPY_PHASE_STRIP = NO;
				DEBUG_INFORMATION_FORMAT = dwarf;
				ENABLE_STRICT_OBJC_MSGSEND = YES;
				ENABLE_TESTABILITY = YES;
				GCC_C_LANGUAGE_STANDARD = gnu11;
				GCC_DYNAMIC_NO_PIC = NO;
				GCC_NO_COMMON_BLOCKS = YES;
				GCC_OPTIMIZATION_LEVEL = 0;
				GCC_PREPROCESSOR_DEFINITIONS = (
					"DEBUG=1",
					"$(inherited)",
				);
				GCC_WARN_64_TO_32_BIT_CONVERSION = YES;
				GCC_WARN_ABOUT_RETURN_TYPE = YES_ERROR;
				GCC_WARN_UNDECLARED_SELECTOR = YES;
				GCC_WARN_UNINITIALIZED_AUTOS = YES_AGGRESSIVE;
				GCC_WARN_UNUSED_FUNCTION = YES;
				GCC_WARN_UNUSED_VARIABLE = YES;
				IPHONEOS_DEPLOYMENT_TARGET = 16.0;
				MTL_ENABLE_DEBUG_INFO = INCLUDE_SOURCE;
				MTL_FAST_MATH = YES;
				ONLY_ACTIVE_ARCH = YES;
				SDKROOT = iphoneos;
				SWIFT_ACTIVE_COMPILATION_CONDITIONS = DEBUG;
				SWIFT_OPTIMIZATION_LEVEL = "-Onone";
			};
			name = Debug;
		};
		0456472128E5E9D4002459A5 /* Release */ = {
			isa = XCBuildConfiguration;
			buildSettings = {
				ALWAYS_SEARCH_USER_PATHS = NO;
				CLANG_ANALYZER_NONNULL = YES;
				CLANG_ANALYZER_NUMBER_OBJECT_CONVERSION = YES_AGGRESSIVE;
				CLANG_CXX_LANGUAGE_STANDARD = "gnu++20";
				CLANG_ENABLE_MODULES = YES;
				CLANG_ENABLE_OBJC_ARC = YES;
				CLANG_ENABLE_OBJC_WEAK = YES;
				CLANG_WARN_BLOCK_CAPTURE_AUTORELEASING = YES;
				CLANG_WARN_BOOL_CONVERSION = YES;
				CLANG_WARN_COMMA = YES;
				CLANG_WARN_CONSTANT_CONVERSION = YES;
				CLANG_WARN_DEPRECATED_OBJC_IMPLEMENTATIONS = YES;
				CLANG_WARN_DIRECT_OBJC_ISA_USAGE = YES_ERROR;
				CLANG_WARN_DOCUMENTATION_COMMENTS = YES;
				CLANG_WARN_EMPTY_BODY = YES;
				CLANG_WARN_ENUM_CONVERSION = YES;
				CLANG_WARN_INFINITE_RECURSION = YES;
				CLANG_WARN_INT_CONVERSION = YES;
				CLANG_WARN_NON_LITERAL_NULL_CONVERSION = YES;
				CLANG_WARN_OBJC_IMPLICIT_RETAIN_SELF = YES;
				CLANG_WARN_OBJC_LITERAL_CONVERSION = YES;
				CLANG_WARN_OBJC_ROOT_CLASS = YES_ERROR;
				CLANG_WARN_QUOTED_INCLUDE_IN_FRAMEWORK_HEADER = YES;
				CLANG_WARN_RANGE_LOOP_ANALYSIS = YES;
				CLANG_WARN_STRICT_PROTOTYPES = YES;
				CLANG_WARN_SUSPICIOUS_MOVE = YES;
				CLANG_WARN_UNGUARDED_AVAILABILITY = YES_AGGRESSIVE;
				CLANG_WARN_UNREACHABLE_CODE = YES;
				CLANG_WARN__DUPLICATE_METHOD_MATCH = YES;
				COPY_PHASE_STRIP = NO;
				DEBUG_INFORMATION_FORMAT = "dwarf-with-dsym";
				ENABLE_NS_ASSERTIONS = NO;
				ENABLE_STRICT_OBJC_MSGSEND = YES;
				GCC_C_LANGUAGE_STANDARD = gnu11;
				GCC_NO_COMMON_BLOCKS = YES;
				GCC_WARN_64_TO_32_BIT_CONVERSION = YES;
				GCC_WARN_ABOUT_RETURN_TYPE = YES_ERROR;
				GCC_WARN_UNDECLARED_SELECTOR = YES;
				GCC_WARN_UNINITIALIZED_AUTOS = YES_AGGRESSIVE;
				GCC_WARN_UNUSED_FUNCTION = YES;
				GCC_WARN_UNUSED_VARIABLE = YES;
				IPHONEOS_DEPLOYMENT_TARGET = 16.0;
				MTL_ENABLE_DEBUG_INFO = NO;
				MTL_FAST_MATH = YES;
				SDKROOT = iphoneos;
				SWIFT_COMPILATION_MODE = wholemodule;
				SWIFT_OPTIMIZATION_LEVEL = "-O";
				VALIDATE_PRODUCT = YES;
			};
			name = Release;
		};
		0456472328E5E9D4002459A5 /* Debug */ = {
			isa = XCBuildConfiguration;
			buildSettings = {
				ASSETCATALOG_COMPILER_APPICON_NAME = AppIcon;
				ASSETCATALOG_COMPILER_GLOBAL_ACCENT_COLOR_NAME = AccentColor;
				CODE_SIGN_STYLE = Automatic;
				CURRENT_PROJECT_VERSION = 1;
				DEVELOPMENT_TEAM = 34TG2Y4HBL;
				GENERATE_INFOPLIST_FILE = YES;
				INFOPLIST_FILE = QRScanner/Resources/Info.plist;
				INFOPLIST_KEY_NSCameraUsageDescription = "We need to access the camera for scanning QR code.";
				INFOPLIST_KEY_UIApplicationSupportsIndirectInputEvents = YES;
				INFOPLIST_KEY_UILaunchStoryboardName = LaunchScreen;
				INFOPLIST_KEY_UIRequiresFullScreen = YES;
				INFOPLIST_KEY_UISupportedInterfaceOrientations_iPad = UIInterfaceOrientationPortrait;
				INFOPLIST_KEY_UISupportedInterfaceOrientations_iPhone = UIInterfaceOrientationPortrait;
				INFOPLIST_KEY_UIUserInterfaceStyle = Dark;
				LD_RUNPATH_SEARCH_PATHS = (
					"$(inherited)",
					"@executable_path/Frameworks",
				);
				MARKETING_VERSION = 1.0;
				PRODUCT_BUNDLE_IDENTIFIER = com.my.QRScanner;
				PRODUCT_NAME = "$(TARGET_NAME)";
				SWIFT_EMIT_LOC_STRINGS = YES;
				SWIFT_VERSION = 5.0;
				TARGETED_DEVICE_FAMILY = "1,2";
			};
			name = Debug;
		};
		0456472428E5E9D4002459A5 /* Release */ = {
			isa = XCBuildConfiguration;
			buildSettings = {
				ASSETCATALOG_COMPILER_APPICON_NAME = AppIcon;
				ASSETCATALOG_COMPILER_GLOBAL_ACCENT_COLOR_NAME = AccentColor;
				CODE_SIGN_STYLE = Automatic;
				CURRENT_PROJECT_VERSION = 1;
				DEVELOPMENT_TEAM = 34TG2Y4HBL;
				GENERATE_INFOPLIST_FILE = YES;
				INFOPLIST_FILE = QRScanner/Resources/Info.plist;
				INFOPLIST_KEY_NSCameraUsageDescription = "We need to access the camera for scanning QR code.";
				INFOPLIST_KEY_UIApplicationSupportsIndirectInputEvents = YES;
				INFOPLIST_KEY_UILaunchStoryboardName = LaunchScreen;
				INFOPLIST_KEY_UIRequiresFullScreen = YES;
				INFOPLIST_KEY_UISupportedInterfaceOrientations_iPad = UIInterfaceOrientationPortrait;
				INFOPLIST_KEY_UISupportedInterfaceOrientations_iPhone = UIInterfaceOrientationPortrait;
				INFOPLIST_KEY_UIUserInterfaceStyle = Dark;
				LD_RUNPATH_SEARCH_PATHS = (
					"$(inherited)",
					"@executable_path/Frameworks",
				);
				MARKETING_VERSION = 1.0;
				PRODUCT_BUNDLE_IDENTIFIER = com.my.QRScanner;
				PRODUCT_NAME = "$(TARGET_NAME)";
				SWIFT_EMIT_LOC_STRINGS = YES;
				SWIFT_VERSION = 5.0;
				TARGETED_DEVICE_FAMILY = "1,2";
			};
			name = Release;
		};
/* End XCBuildConfiguration section */

/* Begin XCConfigurationList section */
		0456470928E5E9D1002459A5 /* Build configuration list for PBXProject "QRScanner" */ = {
			isa = XCConfigurationList;
			buildConfigurations = (
				0456472028E5E9D4002459A5 /* Debug */,
				0456472128E5E9D4002459A5 /* Release */,
			);
			defaultConfigurationIsVisible = 0;
			defaultConfigurationName = Release;
		};
		0456472228E5E9D4002459A5 /* Build configuration list for PBXNativeTarget "QRScanner" */ = {
			isa = XCConfigurationList;
			buildConfigurations = (
				0456472328E5E9D4002459A5 /* Debug */,
				0456472428E5E9D4002459A5 /* Release */,
			);
			defaultConfigurationIsVisible = 0;
			defaultConfigurationName = Release;
		};
/* End XCConfigurationList section */
	};
	rootObject = 0456470628E5E9D1002459A5 /* Project object */;
}
